
Microsoft Visual Studio Solution File, Format Version 12.00
# Visual Studio Version 17
VisualStudioVersion = 17.3.32811.315
MinimumVisualStudioVersion = 10.0.40219.1
Project("{FAE04EC0-301F-11D3-BF4B-00C04F79EFBC}") = "03_01", "03_01\03_01.csproj", "{F6937FAA-4CE7-428C-BEE4-B58ADCEEDCCD}"
EndProject
Global
	GlobalSection(SolutionConfigurationPlatforms) = preSolution
		Debug|Any CPU = Debug|Any CPU
		Release|Any CPU = Release|Any CPU
	EndGlobalSection
	GlobalSection(ProjectConfigurationPlatforms) = postSolution
		{F6937FAA-4CE7-428C-BEE4-B58ADCEEDCCD}.Debug|Any CPU.ActiveCfg = Debug|Any CPU
		{F6937FAA-4CE7-428C-BEE4-B58ADCEEDCCD}.Debug|Any CPU.Build.0 = Debug|Any CPU
		{F6937FAA-4CE7-428C-BEE4-B58ADCEEDCCD}.Release|Any CPU.ActiveCfg = Release|Any CPU
		{F6937FAA-4CE7-428C-BEE4-B58ADCEEDCCD}.Release|Any CPU.Build.0 = Release|Any CPU
	EndGlobalSection
	GlobalSection(SolutionProperties) = preSolution
		HideSolutionNode = FALSE
	EndGlobalSection
	GlobalSection(ExtensibilityGlobals) = postSolution
		SolutionGuid = {32760707-278F-413A-AE8D-28F4354F50E2}
	EndGlobalSection
EndGlobal
