
Microsoft Visual Studio Solution File, Format Version 12.00
# Visual Studio Version 17
VisualStudioVersion = 17.3.32811.315
MinimumVisualStudioVersion = 10.0.40219.1
Project("{FAE04EC0-301F-11D3-BF4B-00C04F79EFBC}") = "01_00", "01_00\01_00.csproj", "{E00FCEC3-DA64-4E79-BF84-97D4080588F1}"
EndProject
Global
	GlobalSection(SolutionConfigurationPlatforms) = preSolution
		Debug|Any CPU = Debug|Any CPU
		Release|Any CPU = Release|Any CPU
	EndGlobalSection
	GlobalSection(ProjectConfigurationPlatforms) = postSolution
		{E00FCEC3-DA64-4E79-BF84-97D4080588F1}.Debug|Any CPU.ActiveCfg = Debug|Any CPU
		{E00FCEC3-DA64-4E79-BF84-97D4080588F1}.Debug|Any CPU.Build.0 = Debug|Any CPU
		{E00FCEC3-DA64-4E79-BF84-97D4080588F1}.Release|Any CPU.ActiveCfg = Release|Any CPU
		{E00FCEC3-DA64-4E79-BF84-97D4080588F1}.Release|Any CPU.Build.0 = Release|Any CPU
	EndGlobalSection
	GlobalSection(SolutionProperties) = preSolution
		HideSolutionNode = FALSE
	EndGlobalSection
	GlobalSection(ExtensibilityGlobals) = postSolution
		SolutionGuid = {862AFDF3-2965-434A-A389-221CD84C63C6}
	EndGlobalSection
EndGlobal
