
Microsoft Visual Studio Solution File, Format Version 12.00
# Visual Studio Version 17
VisualStudioVersion = 17.3.32811.315
MinimumVisualStudioVersion = 10.0.40219.1
Project("{FAE04EC0-301F-11D3-BF4B-00C04F79EFBC}") = "07_00", "07_00\07_00.csproj", "{32FAA6B6-8785-4035-8207-04176225991E}"
EndProject
Global
	GlobalSection(SolutionConfigurationPlatforms) = preSolution
		Debug|Any CPU = Debug|Any CPU
		Release|Any CPU = Release|Any CPU
	EndGlobalSection
	GlobalSection(ProjectConfigurationPlatforms) = postSolution
		{32FAA6B6-8785-4035-8207-04176225991E}.Debug|Any CPU.ActiveCfg = Debug|Any CPU
		{32FAA6B6-8785-4035-8207-04176225991E}.Debug|Any CPU.Build.0 = Debug|Any CPU
		{32FAA6B6-8785-4035-8207-04176225991E}.Release|Any CPU.ActiveCfg = Release|Any CPU
		{32FAA6B6-8785-4035-8207-04176225991E}.Release|Any CPU.Build.0 = Release|Any CPU
	EndGlobalSection
	GlobalSection(SolutionProperties) = preSolution
		HideSolutionNode = FALSE
	EndGlobalSection
	GlobalSection(ExtensibilityGlobals) = postSolution
		SolutionGuid = {1157DF73-AEB0-47DE-86E9-FB6AA779F879}
	EndGlobalSection
EndGlobal
