
Microsoft Visual Studio Solution File, Format Version 12.00
# Visual Studio Version 17
VisualStudioVersion = 17.3.32811.315
MinimumVisualStudioVersion = 10.0.40219.1
Project("{FAE04EC0-301F-11D3-BF4B-00C04F79EFBC}") = "04_00", "04_00\04_00.csproj", "{BD9CA23D-CDC3-4F5A-938C-EFC83E3E9E98}"
EndProject
Global
	GlobalSection(SolutionConfigurationPlatforms) = preSolution
		Debug|Any CPU = Debug|Any CPU
		Release|Any CPU = Release|Any CPU
	EndGlobalSection
	GlobalSection(ProjectConfigurationPlatforms) = postSolution
		{BD9CA23D-CDC3-4F5A-938C-EFC83E3E9E98}.Debug|Any CPU.ActiveCfg = Debug|Any CPU
		{BD9CA23D-CDC3-4F5A-938C-EFC83E3E9E98}.Debug|Any CPU.Build.0 = Debug|Any CPU
		{BD9CA23D-CDC3-4F5A-938C-EFC83E3E9E98}.Release|Any CPU.ActiveCfg = Release|Any CPU
		{BD9CA23D-CDC3-4F5A-938C-EFC83E3E9E98}.Release|Any CPU.Build.0 = Release|Any CPU
	EndGlobalSection
	GlobalSection(SolutionProperties) = preSolution
		HideSolutionNode = FALSE
	EndGlobalSection
	GlobalSection(ExtensibilityGlobals) = postSolution
		SolutionGuid = {09674893-7A95-4B14-B49F-8074BD520C09}
	EndGlobalSection
EndGlobal
