
Microsoft Visual Studio Solution File, Format Version 12.00
# Visual Studio Version 17
VisualStudioVersion = 17.3.32811.315
MinimumVisualStudioVersion = 10.0.40219.1
Project("{FAE04EC0-301F-11D3-BF4B-00C04F79EFBC}") = "01_01", "01_01\01_01.csproj", "{13F4F323-1C0B-490A-A29C-4A85B18FFC73}"
EndProject
Global
	GlobalSection(SolutionConfigurationPlatforms) = preSolution
		Debug|Any CPU = Debug|Any CPU
		Release|Any CPU = Release|Any CPU
	EndGlobalSection
	GlobalSection(ProjectConfigurationPlatforms) = postSolution
		{13F4F323-1C0B-490A-A29C-4A85B18FFC73}.Debug|Any CPU.ActiveCfg = Debug|Any CPU
		{13F4F323-1C0B-490A-A29C-4A85B18FFC73}.Debug|Any CPU.Build.0 = Debug|Any CPU
		{13F4F323-1C0B-490A-A29C-4A85B18FFC73}.Release|Any CPU.ActiveCfg = Release|Any CPU
		{13F4F323-1C0B-490A-A29C-4A85B18FFC73}.Release|Any CPU.Build.0 = Release|Any CPU
	EndGlobalSection
	GlobalSection(SolutionProperties) = preSolution
		HideSolutionNode = FALSE
	EndGlobalSection
	GlobalSection(ExtensibilityGlobals) = postSolution
		SolutionGuid = {C55DD9B2-12F7-4ABA-8457-A5BC88C4D33F}
	EndGlobalSection
EndGlobal
