
Microsoft Visual Studio Solution File, Format Version 12.00
# Visual Studio Version 17
VisualStudioVersion = 17.3.32811.315
MinimumVisualStudioVersion = 10.0.40219.1
Project("{FAE04EC0-301F-11D3-BF4B-00C04F79EFBC}") = "05_00", "05_00\05_00.csproj", "{01A25084-E9B3-4037-938B-4EEDB1599C1C}"
EndProject
Global
	GlobalSection(SolutionConfigurationPlatforms) = preSolution
		Debug|Any CPU = Debug|Any CPU
		Release|Any CPU = Release|Any CPU
	EndGlobalSection
	GlobalSection(ProjectConfigurationPlatforms) = postSolution
		{01A25084-E9B3-4037-938B-4EEDB1599C1C}.Debug|Any CPU.ActiveCfg = Debug|Any CPU
		{01A25084-E9B3-4037-938B-4EEDB1599C1C}.Debug|Any CPU.Build.0 = Debug|Any CPU
		{01A25084-E9B3-4037-938B-4EEDB1599C1C}.Release|Any CPU.ActiveCfg = Release|Any CPU
		{01A25084-E9B3-4037-938B-4EEDB1599C1C}.Release|Any CPU.Build.0 = Release|Any CPU
	EndGlobalSection
	GlobalSection(SolutionProperties) = preSolution
		HideSolutionNode = FALSE
	EndGlobalSection
	GlobalSection(ExtensibilityGlobals) = postSolution
		SolutionGuid = {9F891D23-F092-4CEB-A5AC-273C484820A4}
	EndGlobalSection
EndGlobal
